
Microsoft Visual Studio Solution File, Format Version 12.00
# Visual Studio Version 17
VisualStudioVersion = 17.11.35312.102
MinimumVisualStudioVersion = 10.0.40219.1
Project("{9A19103F-16F7-4668-BE54-9A1E7A4F7556}") = "FzBz.Api", "FZBZAPI\FzBz.Api.csproj", "{17D6096D-2F96-4737-ABE2-6E98F37BC1B4}"
EndProject
Project("{9A19103F-16F7-4668-BE54-9A1E7A4F7556}") = "FzBz.Domain", "FzBz.Domain\FzBz.Domain.csproj", "{3AF34F48-F210-417E-BBBD-8406DABCA9CD}"
EndProject
Project("{9A19103F-16F7-4668-BE54-9A1E7A4F7556}") = "FzBz.Tests", "FzBz.Tests\FzBz.Tests.csproj", "{2EA9BB1E-78A8-4D18-AEA9-EAE1FD945874}"
EndProject
Project("{2150E333-8FDC-42A3-9474-1A3956D46DE8}") = "Solution Items", "Solution Items", "{D96B746A-33B1-4712-B5E9-3E90122FC17D}"
	ProjectSection(SolutionItems) = preProject
		Dockerfile = Dockerfile
		.github\workflows\dotnet.yml = .github\workflows\dotnet.yml
	EndProjectSection
EndProject
Global
	GlobalSection(SolutionConfigurationPlatforms) = preSolution
		Debug|Any CPU = Debug|Any CPU
		Release|Any CPU = Release|Any CPU
	EndGlobalSection
	GlobalSection(ProjectConfigurationPlatforms) = postSolution
		{17D6096D-2F96-4737-ABE2-6E98F37BC1B4}.Debug|Any CPU.ActiveCfg = Debug|Any CPU
		{17D6096D-2F96-4737-ABE2-6E98F37BC1B4}.Debug|Any CPU.Build.0 = Debug|Any CPU
		{17D6096D-2F96-4737-ABE2-6E98F37BC1B4}.Release|Any CPU.ActiveCfg = Release|Any CPU
		{17D6096D-2F96-4737-ABE2-6E98F37BC1B4}.Release|Any CPU.Build.0 = Release|Any CPU
		{3AF34F48-F210-417E-BBBD-8406DABCA9CD}.Debug|Any CPU.ActiveCfg = Debug|Any CPU
		{3AF34F48-F210-417E-BBBD-8406DABCA9CD}.Debug|Any CPU.Build.0 = Debug|Any CPU
		{3AF34F48-F210-417E-BBBD-8406DABCA9CD}.Release|Any CPU.ActiveCfg = Release|Any CPU
		{3AF34F48-F210-417E-BBBD-8406DABCA9CD}.Release|Any CPU.Build.0 = Release|Any CPU
		{2EA9BB1E-78A8-4D18-AEA9-EAE1FD945874}.Debug|Any CPU.ActiveCfg = Debug|Any CPU
		{2EA9BB1E-78A8-4D18-AEA9-EAE1FD945874}.Debug|Any CPU.Build.0 = Debug|Any CPU
		{2EA9BB1E-78A8-4D18-AEA9-EAE1FD945874}.Release|Any CPU.ActiveCfg = Release|Any CPU
		{2EA9BB1E-78A8-4D18-AEA9-EAE1FD945874}.Release|Any CPU.Build.0 = Release|Any CPU
	EndGlobalSection
	GlobalSection(SolutionProperties) = preSolution
		HideSolutionNode = FALSE
	EndGlobalSection
	GlobalSection(ExtensibilityGlobals) = postSolution
		SolutionGuid = {9DD16094-6D69-4079-90E0-61780B4EF0E9}
	EndGlobalSection
EndGlobal
